# This file is automatically @generated by Poetry 1.4.2 and should not be changed by hand.

[[package]]
name = "fake-bpy-module-2-80"
version = "20230117"
description = "Collection of the fake Blender Python API module for the code completion."
category = "main"
optional = false
python-versions = ">=3.7"
files = [
    {file = "fake-bpy-module-2.80-20230117.tar.gz", hash = "sha256:eee7e6edb0b27c723bed3eb7b9e818cf2cbb535909c340a9e3ba950190458c74"},
    {file = "fake_bpy_module_2.80-20230117-py3-none-any.whl", hash = "sha256:911b38d2581d4298a244ba654f7eb2c105146038b963bea378669492b5155c1f"},
]

[metadata]
lock-version = "2.0"
python-versions = "^3.7"
content-hash = "0dcfbebc366679b4eb077fbd04fcbc554e02c03d7af69ab0ed55275fc0931959"
